
Microsoft Visual Studio Solution File, Format Version 12.00
# Visual Studio 15
VisualStudioVersion = 15.0.28010.2041
MinimumVisualStudioVersion = 10.0.40219.1
Project("{FAE04EC0-301F-11D3-BF4B-00C04F79EFBC}") = "FlixPlay", "FlixPlay\FlixPlay.csproj", "{B27C824C-12E9-4221-8C50-DA2545C2D6D0}"
EndProject
Global
	GlobalSection(SolutionConfigurationPlatforms) = preSolution
		Debug|Any CPU = Debug|Any CPU
		Release|Any CPU = Release|Any CPU
	EndGlobalSection
	GlobalSection(ProjectConfigurationPlatforms) = postSolution
		{B27C824C-12E9-4221-8C50-DA2545C2D6D0}.Debug|Any CPU.ActiveCfg = Debug|Any CPU
		{B27C824C-12E9-4221-8C50-DA2545C2D6D0}.Debug|Any CPU.Build.0 = Debug|Any CPU
		{B27C824C-12E9-4221-8C50-DA2545C2D6D0}.Release|Any CPU.ActiveCfg = Release|Any CPU
		{B27C824C-12E9-4221-8C50-DA2545C2D6D0}.Release|Any CPU.Build.0 = Release|Any CPU
	EndGlobalSection
	GlobalSection(SolutionProperties) = preSolution
		HideSolutionNode = FALSE
	EndGlobalSection
	GlobalSection(ExtensibilityGlobals) = postSolution
		SolutionGuid = {BA31D7C6-9564-474C-9DDE-A2F75E855050}
	EndGlobalSection
EndGlobal
